
Microsoft Visual Studio Solution File, Format Version 12.00
# Visual Studio Version 16
VisualStudioVersion = 16.0.31019.35
MinimumVisualStudioVersion = 10.0.40219.1
Project("{FAE04EC0-301F-11D3-BF4B-00C04F79EFBC}") = "CO5027_J79062", "CO5027_J79062.csproj", "{F65A5877-0A49-450E-AF2D-1B08B8CF1934}"
EndProject
Global
	GlobalSection(SolutionConfigurationPlatforms) = preSolution
		Debug|Any CPU = Debug|Any CPU
		Release|Any CPU = Release|Any CPU
	EndGlobalSection
	GlobalSection(ProjectConfigurationPlatforms) = postSolution
		{F65A5877-0A49-450E-AF2D-1B08B8CF1934}.Debug|Any CPU.ActiveCfg = Debug|Any CPU
		{F65A5877-0A49-450E-AF2D-1B08B8CF1934}.Debug|Any CPU.Build.0 = Debug|Any CPU
		{F65A5877-0A49-450E-AF2D-1B08B8CF1934}.Release|Any CPU.ActiveCfg = Release|Any CPU
		{F65A5877-0A49-450E-AF2D-1B08B8CF1934}.Release|Any CPU.Build.0 = Release|Any CPU
	EndGlobalSection
	GlobalSection(SolutionProperties) = preSolution
		HideSolutionNode = FALSE
	EndGlobalSection
	GlobalSection(ExtensibilityGlobals) = postSolution
		SolutionGuid = {42976965-C21F-4C4B-A749-1EFA4203AE9B}
	EndGlobalSection
EndGlobal
