
Microsoft Visual Studio Solution File, Format Version 12.00
# Visual Studio Version 16
VisualStudioVersion = 16.0.31019.35
MinimumVisualStudioVersion = 10.0.40219.1
Project("{FAE04EC0-301F-11D3-BF4B-00C04F79EFBC}") = "CO5027_J79062", "CO5027_J79062.csproj", "{FE9FF72E-7B27-449D-9EF8-942A363AE26A}"
EndProject
Global
	GlobalSection(SolutionConfigurationPlatforms) = preSolution
		Debug|Any CPU = Debug|Any CPU
		Release|Any CPU = Release|Any CPU
	EndGlobalSection
	GlobalSection(ProjectConfigurationPlatforms) = postSolution
		{FE9FF72E-7B27-449D-9EF8-942A363AE26A}.Debug|Any CPU.ActiveCfg = Debug|Any CPU
		{FE9FF72E-7B27-449D-9EF8-942A363AE26A}.Debug|Any CPU.Build.0 = Debug|Any CPU
		{FE9FF72E-7B27-449D-9EF8-942A363AE26A}.Release|Any CPU.ActiveCfg = Release|Any CPU
		{FE9FF72E-7B27-449D-9EF8-942A363AE26A}.Release|Any CPU.Build.0 = Release|Any CPU
	EndGlobalSection
	GlobalSection(SolutionProperties) = preSolution
		HideSolutionNode = FALSE
	EndGlobalSection
	GlobalSection(ExtensibilityGlobals) = postSolution
		SolutionGuid = {CD4EF5D5-6116-4DDC-9319-61022F8A5424}
	EndGlobalSection
EndGlobal
